// !$*UTF8*$!
{
	archiveVersion = 1;
	classes = {
	};
	objectVersion = 46;
	objects = {

/* Begin PBXBuildFile section */
		9F6F51A81E498C9600B2DE6B /* MobileCoreServices.framework in Frameworks */ = {isa = PBXBuildFile; fileRef = 9F6F51A71E498C9600B2DE6B /* MobileCoreServices.framework */; };
		9F6F51AA1E498E7100B2DE6B /* AVFoundation.framework in Frameworks */ = {isa = PBXBuildFile; fileRef = 9F6F51A91E498E7100B2DE6B /* AVFoundation.framework */; };
		9F6F51AC1E49BC0700B2DE6B /* AssetsLibrary.framework in Frameworks */ = {isa = PBXBuildFile; fileRef = 9F6F51AB1E49BC0700B2DE6B /* AssetsLibrary.framework */; };
		9F6F51AF1E49C22100B2DE6B /* AddBackgroundMusicViewController.m in Sources */ = {isa = PBXBuildFile; fileRef = 9F6F51AE1E49C22100B2DE6B /* AddBackgroundMusicViewController.m */; };
		9F6F51B11E49C81800B2DE6B /* 当我遇上你.mp3 in Resources */ = {isa = PBXBuildFile; fileRef = 9F6F51B01E49C81800B2DE6B /* 当我遇上你.mp3 */; };
		9F8153C21E4AB851004DC987 /* MergeVideoViewController.m in Sources */ = {isa = PBXBuildFile; fileRef = 9F8153C11E4AB851004DC987 /* MergeVideoViewController.m */; };
		9F8153CB1E4AF484004DC987 /* APLSimpleEditor.m in Sources */ = {isa = PBXBuildFile; fileRef = 9F8153CA1E4AF484004DC987 /* APLSimpleEditor.m */; };
		9F8153D41E4AFAAB004DC987 /* ICGRulerView.m in Sources */ = {isa = PBXBuildFile; fileRef = 9F8153CE1E4AFAAB004DC987 /* ICGRulerView.m */; };
		9F8153D51E4AFAAB004DC987 /* ICGThumbView.m in Sources */ = {isa = PBXBuildFile; fileRef = 9F8153D01E4AFAAB004DC987 /* ICGThumbView.m */; };
		9F8153D61E4AFAAB004DC987 /* ICGVideoTrimmerView.m in Sources */ = {isa = PBXBuildFile; fileRef = 9F8153D31E4AFAAB004DC987 /* ICGVideoTrimmerView.m */; };
		9FAFCC901E48784100C59819 /* main.m in Sources */ = {isa = PBXBuildFile; fileRef = 9FAFCC8F1E48784100C59819 /* main.m */; };
		9FAFCC931E48784100C59819 /* AppDelegate.m in Sources */ = {isa = PBXBuildFile; fileRef = 9FAFCC921E48784100C59819 /* AppDelegate.m */; };
		9FAFCC961E48784100C59819 /* ViewController.m in Sources */ = {isa = PBXBuildFile; fileRef = 9FAFCC951E48784100C59819 /* ViewController.m */; };
		9FAFCC991E48784100C59819 /* Main.storyboard in Resources */ = {isa = PBXBuildFile; fileRef = 9FAFCC971E48784100C59819 /* Main.storyboard */; };
		9FAFCC9B1E48784100C59819 /* Assets.xcassets in Resources */ = {isa = PBXBuildFile; fileRef = 9FAFCC9A1E48784100C59819 /* Assets.xcassets */; };
		9FAFCC9E1E48784100C59819 /* LaunchScreen.storyboard in Resources */ = {isa = PBXBuildFile; fileRef = 9FAFCC9C1E48784100C59819 /* LaunchScreen.storyboard */; };
		9FAFCCAC1E487E4C00C59819 /* VideoCutViewController.m in Sources */ = {isa = PBXBuildFile; fileRef = 9FAFCCAA1E487E4C00C59819 /* VideoCutViewController.m */; };
		9FAFCCAD1E487E4C00C59819 /* VideoCutViewController.xib in Resources */ = {isa = PBXBuildFile; fileRef = 9FAFCCAB1E487E4C00C59819 /* VideoCutViewController.xib */; };
		9FAFCCAF1E487E9F00C59819 /* Second.storyboard in Resources */ = {isa = PBXBuildFile; fileRef = 9FAFCCAE1E487E9F00C59819 /* Second.storyboard */; };
		9FAFCCBD1E4881E800C59819 /* WaterViewController.m in Sources */ = {isa = PBXBuildFile; fileRef = 9FAFCCBC1E4881E800C59819 /* WaterViewController.m */; };
/* End PBXBuildFile section */

/* Begin PBXFileReference section */
		9F6F51A71E498C9600B2DE6B /* MobileCoreServices.framework */ = {isa = PBXFileReference; lastKnownFileType = wrapper.framework; name = MobileCoreServices.framework; path = System/Library/Frameworks/MobileCoreServices.framework; sourceTree = SDKROOT; };
		9F6F51A91E498E7100B2DE6B /* AVFoundation.framework */ = {isa = PBXFileReference; lastKnownFileType = wrapper.framework; name = AVFoundation.framework; path = System/Library/Frameworks/AVFoundation.framework; sourceTree = SDKROOT; };
		9F6F51AB1E49BC0700B2DE6B /* AssetsLibrary.framework */ = {isa = PBXFileReference; lastKnownFileType = wrapper.framework; name = AssetsLibrary.framework; path = System/Library/Frameworks/AssetsLibrary.framework; sourceTree = SDKROOT; };
		9F6F51AD1E49C22100B2DE6B /* AddBackgroundMusicViewController.h */ = {isa = PBXFileReference; fileEncoding = 4; lastKnownFileType = sourcecode.c.h; path = AddBackgroundMusicViewController.h; sourceTree = "<group>"; };
		9F6F51AE1E49C22100B2DE6B /* AddBackgroundMusicViewController.m */ = {isa = PBXFileReference; fileEncoding = 4; lastKnownFileType = sourcecode.c.objc; path = AddBackgroundMusicViewController.m; sourceTree = "<group>"; };
		9F6F51B01E49C81800B2DE6B /* 当我遇上你.mp3 */ = {isa = PBXFileReference; lastKnownFileType = audio.mp3; path = "当我遇上你.mp3"; sourceTree = "<group>"; };
		9F8153C01E4AB851004DC987 /* MergeVideoViewController.h */ = {isa = PBXFileReference; fileEncoding = 4; lastKnownFileType = sourcecode.c.h; path = MergeVideoViewController.h; sourceTree = "<group>"; };
		9F8153C11E4AB851004DC987 /* MergeVideoViewController.m */ = {isa = PBXFileReference; fileEncoding = 4; lastKnownFileType = sourcecode.c.objc; path = MergeVideoViewController.m; sourceTree = "<group>"; };
		9F8153C91E4AF484004DC987 /* APLSimpleEditor.h */ = {isa = PBXFileReference; fileEncoding = 4; lastKnownFileType = sourcecode.c.h; path = APLSimpleEditor.h; sourceTree = "<group>"; };
		9F8153CA1E4AF484004DC987 /* APLSimpleEditor.m */ = {isa = PBXFileReference; fileEncoding = 4; lastKnownFileType = sourcecode.c.objc; path = APLSimpleEditor.m; sourceTree = "<group>"; };
		9F8153CD1E4AFAAB004DC987 /* ICGRulerView.h */ = {isa = PBXFileReference; fileEncoding = 4; lastKnownFileType = sourcecode.c.h; path = ICGRulerView.h; sourceTree = "<group>"; };
		9F8153CE1E4AFAAB004DC987 /* ICGRulerView.m */ = {isa = PBXFileReference; fileEncoding = 4; lastKnownFileType = sourcecode.c.objc; path = ICGRulerView.m; sourceTree = "<group>"; };
		9F8153CF1E4AFAAB004DC987 /* ICGThumbView.h */ = {isa = PBXFileReference; fileEncoding = 4; lastKnownFileType = sourcecode.c.h; path = ICGThumbView.h; sourceTree = "<group>"; };
		9F8153D01E4AFAAB004DC987 /* ICGThumbView.m */ = {isa = PBXFileReference; fileEncoding = 4; lastKnownFileType = sourcecode.c.objc; path = ICGThumbView.m; sourceTree = "<group>"; };
		9F8153D11E4AFAAB004DC987 /* ICGVideoTrimmer.h */ = {isa = PBXFileReference; fileEncoding = 4; lastKnownFileType = sourcecode.c.h; path = ICGVideoTrimmer.h; sourceTree = "<group>"; };
		9F8153D21E4AFAAB004DC987 /* ICGVideoTrimmerView.h */ = {isa = PBXFileReference; fileEncoding = 4; lastKnownFileType = sourcecode.c.h; path = ICGVideoTrimmerView.h; sourceTree = "<group>"; };
		9F8153D31E4AFAAB004DC987 /* ICGVideoTrimmerView.m */ = {isa = PBXFileReference; fileEncoding = 4; lastKnownFileType = sourcecode.c.objc; path = ICGVideoTrimmerView.m; sourceTree = "<group>"; };
		9FAFCC8B1E48784100C59819 /* VideoEditDemo.app */ = {isa = PBXFileReference; explicitFileType = wrapper.application; includeInIndex = 0; path = VideoEditDemo.app; sourceTree = BUILT_PRODUCTS_DIR; };
		9FAFCC8F1E48784100C59819 /* main.m */ = {isa = PBXFileReference; lastKnownFileType = sourcecode.c.objc; path = main.m; sourceTree = "<group>"; };
		9FAFCC911E48784100C59819 /* AppDelegate.h */ = {isa = PBXFileReference; lastKnownFileType = sourcecode.c.h; path = AppDelegate.h; sourceTree = "<group>"; };
		9FAFCC921E48784100C59819 /* AppDelegate.m */ = {isa = PBXFileReference; lastKnownFileType = sourcecode.c.objc; path = AppDelegate.m; sourceTree = "<group>"; };
		9FAFCC941E48784100C59819 /* ViewController.h */ = {isa = PBXFileReference; lastKnownFileType = sourcecode.c.h; path = ViewController.h; sourceTree = "<group>"; };
		9FAFCC951E48784100C59819 /* ViewController.m */ = {isa = PBXFileReference; lastKnownFileType = sourcecode.c.objc; path = ViewController.m; sourceTree = "<group>"; };
		9FAFCC981E48784100C59819 /* Base */ = {isa = PBXFileReference; lastKnownFileType = file.storyboard; name = Base; path = Base.lproj/Main.storyboard; sourceTree = "<group>"; };
		9FAFCC9A1E48784100C59819 /* Assets.xcassets */ = {isa = PBXFileReference; lastKnownFileType = folder.assetcatalog; path = Assets.xcassets; sourceTree = "<group>"; };
		9FAFCC9D1E48784100C59819 /* Base */ = {isa = PBXFileReference; lastKnownFileType = file.storyboard; name = Base; path = Base.lproj/LaunchScreen.storyboard; sourceTree = "<group>"; };
		9FAFCC9F1E48784100C59819 /* Info.plist */ = {isa = PBXFileReference; lastKnownFileType = text.plist.xml; path = Info.plist; sourceTree = "<group>"; };
		9FAFCCA91E487E4C00C59819 /* VideoCutViewController.h */ = {isa = PBXFileReference; fileEncoding = 4; lastKnownFileType = sourcecode.c.h; path = VideoCutViewController.h; sourceTree = "<group>"; };
		9FAFCCAA1E487E4C00C59819 /* VideoCutViewController.m */ = {isa = PBXFileReference; fileEncoding = 4; lastKnownFileType = sourcecode.c.objc; path = VideoCutViewController.m; sourceTree = "<group>"; };
		9FAFCCAB1E487E4C00C59819 /* VideoCutViewController.xib */ = {isa = PBXFileReference; fileEncoding = 4; lastKnownFileType = file.xib; path = VideoCutViewController.xib; sourceTree = "<group>"; };
		9FAFCCAE1E487E9F00C59819 /* Second.storyboard */ = {isa = PBXFileReference; fileEncoding = 4; lastKnownFileType = file.storyboard; path = Second.storyboard; sourceTree = "<group>"; };
		9FAFCCBB1E4881E800C59819 /* WaterViewController.h */ = {isa = PBXFileReference; fileEncoding = 4; lastKnownFileType = sourcecode.c.h; path = WaterViewController.h; sourceTree = "<group>"; };
		9FAFCCBC1E4881E800C59819 /* WaterViewController.m */ = {isa = PBXFileReference; fileEncoding = 4; lastKnownFileType = sourcecode.c.objc; path = WaterViewController.m; sourceTree = "<group>"; };
/* End PBXFileReference section */

/* Begin PBXFrameworksBuildPhase section */
		9FAFCC881E48784100C59819 /* Frameworks */ = {
			isa = PBXFrameworksBuildPhase;
			buildActionMask = 2147483647;
			files = (
				9F6F51AC1E49BC0700B2DE6B /* AssetsLibrary.framework in Frameworks */,
				9F6F51AA1E498E7100B2DE6B /* AVFoundation.framework in Frameworks */,
				9F6F51A81E498C9600B2DE6B /* MobileCoreServices.framework in Frameworks */,
			);
			runOnlyForDeploymentPostprocessing = 0;
		};
/* End PBXFrameworksBuildPhase section */

/* Begin PBXGroup section */
		9F6F51A61E498C9500B2DE6B /* Frameworks */ = {
			isa = PBXGroup;
			children = (
				9F6F51AB1E49BC0700B2DE6B /* AssetsLibrary.framework */,
				9F6F51A91E498E7100B2DE6B /* AVFoundation.framework */,
				9F6F51A71E498C9600B2DE6B /* MobileCoreServices.framework */,
			);
			name = Frameworks;
			sourceTree = "<group>";
		};
		9F8153CC1E4AFAAB004DC987 /* Source */ = {
			isa = PBXGroup;
			children = (
				9F8153CD1E4AFAAB004DC987 /* ICGRulerView.h */,
				9F8153CE1E4AFAAB004DC987 /* ICGRulerView.m */,
				9F8153CF1E4AFAAB004DC987 /* ICGThumbView.h */,
				9F8153D01E4AFAAB004DC987 /* ICGThumbView.m */,
				9F8153D11E4AFAAB004DC987 /* ICGVideoTrimmer.h */,
				9F8153D21E4AFAAB004DC987 /* ICGVideoTrimmerView.h */,
				9F8153D31E4AFAAB004DC987 /* ICGVideoTrimmerView.m */,
			);
			path = Source;
			sourceTree = "<group>";
		};
		9FAFCC821E48784100C59819 = {
			isa = PBXGroup;
			children = (
				9FAFCC8D1E48784100C59819 /* VideoEditDemo */,
				9FAFCC8C1E48784100C59819 /* Products */,
				9F6F51A61E498C9500B2DE6B /* Frameworks */,
			);
			sourceTree = "<group>";
		};
		9FAFCC8C1E48784100C59819 /* Products */ = {
			isa = PBXGroup;
			children = (
				9FAFCC8B1E48784100C59819 /* VideoEditDemo.app */,
			);
			name = Products;
			sourceTree = "<group>";
		};
		9FAFCC8D1E48784100C59819 /* VideoEditDemo */ = {
			isa = PBXGroup;
			children = (
				9F6F51B01E49C81800B2DE6B /* 当我遇上你.mp3 */,
				9FAFCC911E48784100C59819 /* AppDelegate.h */,
				9FAFCC921E48784100C59819 /* AppDelegate.m */,
				9FAFCC941E48784100C59819 /* ViewController.h */,
				9FAFCC951E48784100C59819 /* ViewController.m */,
				9FAFCCA51E487DA700C59819 /* 裁剪 */,
				9FAFCCA61E487DA700C59819 /* 合成 */,
				9FAFCCA71E487DA700C59819 /* 水印 */,
				9FAFCCA81E487DA700C59819 /* 添加背景音乐 */,
				9FAFCC971E48784100C59819 /* Main.storyboard */,
				9FAFCCAE1E487E9F00C59819 /* Second.storyboard */,
				9FAFCC9A1E48784100C59819 /* Assets.xcassets */,
				9FAFCC9C1E48784100C59819 /* LaunchScreen.storyboard */,
				9FAFCC9F1E48784100C59819 /* Info.plist */,
				9FAFCC8E1E48784100C59819 /* Supporting Files */,
			);
			path = VideoEditDemo;
			sourceTree = "<group>";
		};
		9FAFCC8E1E48784100C59819 /* Supporting Files */ = {
			isa = PBXGroup;
			children = (
				9FAFCC8F1E48784100C59819 /* main.m */,
			);
			name = "Supporting Files";
			sourceTree = "<group>";
		};
		9FAFCCA51E487DA700C59819 /* 裁剪 */ = {
			isa = PBXGroup;
			children = (
				9FAFCCA91E487E4C00C59819 /* VideoCutViewController.h */,
				9FAFCCAA1E487E4C00C59819 /* VideoCutViewController.m */,
				9FAFCCAB1E487E4C00C59819 /* VideoCutViewController.xib */,
				9F8153CC1E4AFAAB004DC987 /* Source */,
			);
			path = "裁剪";
			sourceTree = "<group>";
		};
		9FAFCCA61E487DA700C59819 /* 合成 */ = {
			isa = PBXGroup;
			children = (
				9F8153C01E4AB851004DC987 /* MergeVideoViewController.h */,
				9F8153C11E4AB851004DC987 /* MergeVideoViewController.m */,
				9F8153C91E4AF484004DC987 /* APLSimpleEditor.h */,
				9F8153CA1E4AF484004DC987 /* APLSimpleEditor.m */,
			);
			path = "合成";
			sourceTree = "<group>";
		};
		9FAFCCA71E487DA700C59819 /* 水印 */ = {
			isa = PBXGroup;
			children = (
				9FAFCCBB1E4881E800C59819 /* WaterViewController.h */,
				9FAFCCBC1E4881E800C59819 /* WaterViewController.m */,
			);
			name = "水印";
			path = "水平";
			sourceTree = "<group>";
		};
		9FAFCCA81E487DA700C59819 /* 添加背景音乐 */ = {
			isa = PBXGroup;
			children = (
				9F6F51AD1E49C22100B2DE6B /* AddBackgroundMusicViewController.h */,
				9F6F51AE1E49C22100B2DE6B /* AddBackgroundMusicViewController.m */,
			);
			path = "添加背景音乐";
			sourceTree = "<group>";
		};
/* End PBXGroup section */

/* Begin PBXNativeTarget section */
		9FAFCC8A1E48784100C59819 /* VideoEditDemo */ = {
			isa = PBXNativeTarget;
			buildConfigurationList = 9FAFCCA21E48784100C59819 /* Build configuration list for PBXNativeTarget "VideoEditDemo" */;
			buildPhases = (
				9FAFCC871E48784100C59819 /* Sources */,
				9FAFCC881E48784100C59819 /* Frameworks */,
				9FAFCC891E48784100C59819 /* Resources */,
			);
			buildRules = (
			);
			dependencies = (
			);
			name = VideoEditDemo;
			productName = VideoEditDemo;
			productReference = 9FAFCC8B1E48784100C59819 /* VideoEditDemo.app */;
			productType = "com.apple.product-type.application";
		};
/* End PBXNativeTarget section */

/* Begin PBXProject section */
		9FAFCC831E48784100C59819 /* Project object */ = {
			isa = PBXProject;
			attributes = {
				LastUpgradeCheck = 0810;
				ORGANIZATIONNAME = "飞兽科技";
				TargetAttributes = {
					9FAFCC8A1E48784100C59819 = {
						CreatedOnToolsVersion = 8.1;
						DevelopmentTeam = 23CNQ6K9TW;
						ProvisioningStyle = Automatic;
					};
				};
			};
			buildConfigurationList = 9FAFCC861E48784100C59819 /* Build configuration list for PBXProject "VideoEditDemo" */;
			compatibilityVersion = "Xcode 3.2";
			developmentRegion = English;
			hasScannedForEncodings = 0;
			knownRegions = (
				en,
				Base,
			);
			mainGroup = 9FAFCC821E48784100C59819;
			productRefGroup = 9FAFCC8C1E48784100C59819 /* Products */;
			projectDirPath = "";
			projectRoot = "";
			targets = (
				9FAFCC8A1E48784100C59819 /* VideoEditDemo */,
			);
		};
/* End PBXProject section */

/* Begin PBXResourcesBuildPhase section */
		9FAFCC891E48784100C59819 /* Resources */ = {
			isa = PBXResourcesBuildPhase;
			buildActionMask = 2147483647;
			files = (
				9FAFCC9E1E48784100C59819 /* LaunchScreen.storyboard in Resources */,
				9FAFCCAD1E487E4C00C59819 /* VideoCutViewController.xib in Resources */,
				9FAFCC9B1E48784100C59819 /* Assets.xcassets in Resources */,
				9FAFCCAF1E487E9F00C59819 /* Second.storyboard in Resources */,
				9F6F51B11E49C81800B2DE6B /* 当我遇上你.mp3 in Resources */,
				9FAFCC991E48784100C59819 /* Main.storyboard in Resources */,
			);
			runOnlyForDeploymentPostprocessing = 0;
		};
/* End PBXResourcesBuildPhase section */

/* Begin PBXSourcesBuildPhase section */
		9FAFCC871E48784100C59819 /* Sources */ = {
			isa = PBXSourcesBuildPhase;
			buildActionMask = 2147483647;
			files = (
				9FAFCC961E48784100C59819 /* ViewController.m in Sources */,
				9FAFCCAC1E487E4C00C59819 /* VideoCutViewController.m in Sources */,
				9FAFCCBD1E4881E800C59819 /* WaterViewController.m in Sources */,
				9F8153C21E4AB851004DC987 /* MergeVideoViewController.m in Sources */,
				9F8153CB1E4AF484004DC987 /* APLSimpleEditor.m in Sources */,
				9F8153D41E4AFAAB004DC987 /* ICGRulerView.m in Sources */,
				9FAFCC931E48784100C59819 /* AppDelegate.m in Sources */,
				9FAFCC901E48784100C59819 /* main.m in Sources */,
				9F6F51AF1E49C22100B2DE6B /* AddBackgroundMusicViewController.m in Sources */,
				9F8153D61E4AFAAB004DC987 /* ICGVideoTrimmerView.m in Sources */,
				9F8153D51E4AFAAB004DC987 /* ICGThumbView.m in Sources */,
			);
			runOnlyForDeploymentPostprocessing = 0;
		};
/* End PBXSourcesBuildPhase section */

/* Begin PBXVariantGroup section */
		9FAFCC971E48784100C59819 /* Main.storyboard */ = {
			isa = PBXVariantGroup;
			children = (
				9FAFCC981E48784100C59819 /* Base */,
			);
			name = Main.storyboard;
			sourceTree = "<group>";
		};
		9FAFCC9C1E48784100C59819 /* LaunchScreen.storyboard */ = {
			isa = PBXVariantGroup;
			children = (
				9FAFCC9D1E48784100C59819 /* Base */,
			);
			name = LaunchScreen.storyboard;
			sourceTree = "<group>";
		};
/* End PBXVariantGroup section */

/* Begin XCBuildConfiguration section */
		9FAFCCA01E48784100C59819 /* Debug */ = {
			isa = XCBuildConfiguration;
			buildSettings = {
				ALWAYS_SEARCH_USER_PATHS = NO;
				CLANG_ANALYZER_NONNULL = YES;
				CLANG_CXX_LANGUAGE_STANDARD = "gnu++0x";
				CLANG_CXX_LIBRARY = "libc++";
				CLANG_ENABLE_MODULES = YES;
				CLANG_ENABLE_OBJC_ARC = YES;
				CLANG_WARN_BOOL_CONVERSION = YES;
				CLANG_WARN_CONSTANT_CONVERSION = YES;
				CLANG_WARN_DIRECT_OBJC_ISA_USAGE = YES_ERROR;
				CLANG_WARN_DOCUMENTATION_COMMENTS = YES;
				CLANG_WARN_EMPTY_BODY = YES;
				CLANG_WARN_ENUM_CONVERSION = YES;
				CLANG_WARN_INFINITE_RECURSION = YES;
				CLANG_WARN_INT_CONVERSION = YES;
				CLANG_WARN_OBJC_ROOT_CLASS = YES_ERROR;
				CLANG_WARN_SUSPICIOUS_MOVES = YES;
				CLANG_WARN_UNREACHABLE_CODE = YES;
				CLANG_WARN__DUPLICATE_METHOD_MATCH = YES;
				"CODE_SIGN_IDENTITY[sdk=iphoneos*]" = "iPhone Developer";
				COPY_PHASE_STRIP = NO;
				DEBUG_INFORMATION_FORMAT = dwarf;
				ENABLE_STRICT_OBJC_MSGSEND = YES;
				ENABLE_TESTABILITY = YES;
				GCC_C_LANGUAGE_STANDARD = gnu99;
				GCC_DYNAMIC_NO_PIC = NO;
				GCC_NO_COMMON_BLOCKS = YES;
				GCC_OPTIMIZATION_LEVEL = 0;
				GCC_PREPROCESSOR_DEFINITIONS = (
					"DEBUG=1",
					"$(inherited)",
				);
				GCC_WARN_64_TO_32_BIT_CONVERSION = YES;
				GCC_WARN_ABOUT_RETURN_TYPE = YES_ERROR;
				GCC_WARN_UNDECLARED_SELECTOR = YES;
				GCC_WARN_UNINITIALIZED_AUTOS = YES_AGGRESSIVE;
				GCC_WARN_UNUSED_FUNCTION = YES;
				GCC_WARN_UNUSED_VARIABLE = YES;
				IPHONEOS_DEPLOYMENT_TARGET = 10.1;
				MTL_ENABLE_DEBUG_INFO = YES;
				ONLY_ACTIVE_ARCH = YES;
				SDKROOT = iphoneos;
			};
			name = Debug;
		};
		9FAFCCA11E48784100C59819 /* Release */ = {
			isa = XCBuildConfiguration;
			buildSettings = {
				ALWAYS_SEARCH_USER_PATHS = NO;
				CLANG_ANALYZER_NONNULL = YES;
				CLANG_CXX_LANGUAGE_STANDARD = "gnu++0x";
				CLANG_CXX_LIBRARY = "libc++";
				CLANG_ENABLE_MODULES = YES;
				CLANG_ENABLE_OBJC_ARC = YES;
				CLANG_WARN_BOOL_CONVERSION = YES;
				CLANG_WARN_CONSTANT_CONVERSION = YES;
				CLANG_WARN_DIRECT_OBJC_ISA_USAGE = YES_ERROR;
				CLANG_WARN_DOCUMENTATION_COMMENTS = YES;
				CLANG_WARN_EMPTY_BODY = YES;
				CLANG_WARN_ENUM_CONVERSION = YES;
				CLANG_WARN_INFINITE_RECURSION = YES;
				CLANG_WARN_INT_CONVERSION = YES;
				CLANG_WARN_OBJC_ROOT_CLASS = YES_ERROR;
				CLANG_WARN_SUSPICIOUS_MOVES = YES;
				CLANG_WARN_UNREACHABLE_CODE = YES;
				CLANG_WARN__DUPLICATE_METHOD_MATCH = YES;
				"CODE_SIGN_IDENTITY[sdk=iphoneos*]" = "iPhone Developer";
				COPY_PHASE_STRIP = NO;
				DEBUG_INFORMATION_FORMAT = "dwarf-with-dsym";
				ENABLE_NS_ASSERTIONS = NO;
				ENABLE_STRICT_OBJC_MSGSEND = YES;
				GCC_C_LANGUAGE_STANDARD = gnu99;
				GCC_NO_COMMON_BLOCKS = YES;
				GCC_WARN_64_TO_32_BIT_CONVERSION = YES;
				GCC_WARN_ABOUT_RETURN_TYPE = YES_ERROR;
				GCC_WARN_UNDECLARED_SELECTOR = YES;
				GCC_WARN_UNINITIALIZED_AUTOS = YES_AGGRESSIVE;
				GCC_WARN_UNUSED_FUNCTION = YES;
				GCC_WARN_UNUSED_VARIABLE = YES;
				IPHONEOS_DEPLOYMENT_TARGET = 10.1;
				MTL_ENABLE_DEBUG_INFO = NO;
				SDKROOT = iphoneos;
				VALIDATE_PRODUCT = YES;
			};
			name = Release;
		};
		9FAFCCA31E48784100C59819 /* Debug */ = {
			isa = XCBuildConfiguration;
			buildSettings = {
				ASSETCATALOG_COMPILER_APPICON_NAME = AppIcon;
				DEVELOPMENT_TEAM = 23CNQ6K9TW;
				INFOPLIST_FILE = VideoEditDemo/Info.plist;
				IPHONEOS_DEPLOYMENT_TARGET = 8.4;
				LD_RUNPATH_SEARCH_PATHS = "$(inherited) @executable_path/Frameworks";
				PRODUCT_BUNDLE_IDENTIFIER = sand.VideoEditDemo;
				PRODUCT_NAME = "$(TARGET_NAME)";
			};
			name = Debug;
		};
		9FAFCCA41E48784100C59819 /* Release */ = {
			isa = XCBuildConfiguration;
			buildSettings = {
				ASSETCATALOG_COMPILER_APPICON_NAME = AppIcon;
				DEVELOPMENT_TEAM = 23CNQ6K9TW;
				INFOPLIST_FILE = VideoEditDemo/Info.plist;
				IPHONEOS_DEPLOYMENT_TARGET = 8.4;
				LD_RUNPATH_SEARCH_PATHS = "$(inherited) @executable_path/Frameworks";
				PRODUCT_BUNDLE_IDENTIFIER = sand.VideoEditDemo;
				PRODUCT_NAME = "$(TARGET_NAME)";
			};
			name = Release;
		};
/* End XCBuildConfiguration section */

/* Begin XCConfigurationList section */
		9FAFCC861E48784100C59819 /* Build configuration list for PBXProject "VideoEditDemo" */ = {
			isa = XCConfigurationList;
			buildConfigurations = (
				9FAFCCA01E48784100C59819 /* Debug */,
				9FAFCCA11E48784100C59819 /* Release */,
			);
			defaultConfigurationIsVisible = 0;
			defaultConfigurationName = Release;
		};
		9FAFCCA21E48784100C59819 /* Build configuration list for PBXNativeTarget "VideoEditDemo" */ = {
			isa = XCConfigurationList;
			buildConfigurations = (
				9FAFCCA31E48784100C59819 /* Debug */,
				9FAFCCA41E48784100C59819 /* Release */,
			);
			defaultConfigurationIsVisible = 0;
			defaultConfigurationName = Release;
		};
/* End XCConfigurationList section */
	};
	rootObject = 9FAFCC831E48784100C59819 /* Project object */;
}
